
Microsoft Visual Studio Solution File, Format Version 12.00
# Visual Studio Version 17
VisualStudioVersion = 17.8.34330.188
MinimumVisualStudioVersion = 10.0.40219.1
Project("{FAE04EC0-301F-11D3-BF4B-00C04F79EFBC}") = "OrganicStore", "OrganicStore.csproj", "{8A81FF1D-7524-4133-B804-B9FF3DF235EA}"
EndProject
Global
	GlobalSection(SolutionConfigurationPlatforms) = preSolution
		Debug|Any CPU = Debug|Any CPU
		Release|Any CPU = Release|Any CPU
	EndGlobalSection
	GlobalSection(ProjectConfigurationPlatforms) = postSolution
		{8A81FF1D-7524-4133-B804-B9FF3DF235EA}.Debug|Any CPU.ActiveCfg = Debug|Any CPU
		{8A81FF1D-7524-4133-B804-B9FF3DF235EA}.Debug|Any CPU.Build.0 = Debug|Any CPU
		{8A81FF1D-7524-4133-B804-B9FF3DF235EA}.Release|Any CPU.ActiveCfg = Release|Any CPU
		{8A81FF1D-7524-4133-B804-B9FF3DF235EA}.Release|Any CPU.Build.0 = Release|Any CPU
	EndGlobalSection
	GlobalSection(SolutionProperties) = preSolution
		HideSolutionNode = FALSE
	EndGlobalSection
	GlobalSection(ExtensibilityGlobals) = postSolution
		SolutionGuid = {4BD42B50-9DC2-4C30-B068-31A2CD680B1F}
	EndGlobalSection
EndGlobal
